# This file is automatically @generated by Cargo.
# It is not intended for manual editing.
version = 3

[[package]]
name = "ai_city"
version = "0.1.0"
dependencies = [
 "capnp",
 "capnp-rpc",
 "capnpc",
 "display_derive",
 "futures",
 "tokio",
]

[[package]]
name = "byteorder"
version = "1.3.2"
source = "registry+https://github.com/rust-lang/crates.io-index"
checksum = "a7c3dd8985a7111efc5c80b44e23ecdd8c007de8ade3b96595387e812b957cf5"

[[package]]
name = "capnp"
version = "0.9.5"
source = "registry+https://github.com/rust-lang/crates.io-index"
checksum = "50bc40e18a764f679fd13673b61c12d2c45c1581a2c6c949ffa424d9f58716c7"
dependencies = [
 "byteorder",
 "futures",
]

[[package]]
name = "capnp-futures"
version = "0.9.1"
source = "registry+https://github.com/rust-lang/crates.io-index"
checksum = "80185c75c4184e3d1d6fa4705d1260effe2ea070a154b428a47899f941fc9255"
dependencies = [
 "byteorder",
 "capnp",
 "futures",
]

[[package]]
name = "capnp-rpc"
version = "0.9.0"
source = "registry+https://github.com/rust-lang/crates.io-index"
checksum = "ce375f1b92bb3ae0eb3edc7409528cbfb17f35612feca67e49c38a6f29570046"
dependencies = [
 "capnp",
 "capnp-futures",
 "capnpc",
 "futures",
]

[[package]]
name = "capnpc"
version = "0.9.5"
source = "registry+https://github.com/rust-lang/crates.io-index"
checksum = "097449bb52d9c96340c88e9726be5ad8dea78bd6ee4a27c7e5c3fbe0d6f60056"
dependencies = [
 "capnp",
]

[[package]]
name = "display_derive"
version = "0.0.0"
source = "registry+https://github.com/rust-lang/crates.io-index"
checksum = "4bba5dcd6d2855639fcf65a9af7bbad0bfb6dbf6fe68fba70bab39a6eb973ef4"
dependencies = [
 "quote",
 "syn",
 "synstructure",
]

[[package]]
name = "futures"
version = "0.1.27"
source = "registry+https://github.com/rust-lang/crates.io-index"
checksum = "a2037ec1c6c1c4f79557762eab1f7eae1f64f6cb418ace90fae88f0942b60139"

[[package]]
name = "pin-project-lite"
version = "0.2.9"
source = "registry+https://github.com/rust-lang/crates.io-index"
checksum = "e0a7ae3ac2f1173085d398531c705756c94a4c56843785df85a60c1a0afac116"

[[package]]
name = "quote"
version = "0.3.15"
source = "registry+https://github.com/rust-lang/crates.io-index"
checksum = "7a6e920b65c65f10b2ae65c831a81a073a89edd28c7cce89475bff467ab4167a"

[[package]]
name = "syn"
version = "0.11.11"
source = "registry+https://github.com/rust-lang/crates.io-index"
checksum = "d3b891b9015c88c576343b9b3e41c2c11a51c219ef067b264bd9c8aa9b441dad"
dependencies = [
 "quote",
 "synom",
 "unicode-xid",
]

[[package]]
name = "synom"
version = "0.11.3"
source = "registry+https://github.com/rust-lang/crates.io-index"
checksum = "a393066ed9010ebaed60b9eafa373d4b1baac186dd7e008555b0f702b51945b6"
dependencies = [
 "unicode-xid",
]

[[package]]
name = "synstructure"
version = "0.6.1"
source = "registry+https://github.com/rust-lang/crates.io-index"
checksum = "3a761d12e6d8dcb4dcf952a7a89b475e3a9d69e4a69307e01a470977642914bd"
dependencies = [
 "quote",
 "syn",
]

[[package]]
name = "tokio"
version = "1.18.5"
source = "registry+https://github.com/rust-lang/crates.io-index"
checksum = "0e050c618355082ae5a89ec63bbf897225d5ffe84c7c4e036874e4d185a5044e"
dependencies = [
 "pin-project-lite",
]

[[package]]
name = "unicode-xid"
version = "0.0.4"
source = "registry+https://github.com/rust-lang/crates.io-index"
checksum = "8c1f860d7d29cf02cb2f3f359fd35991af3d30bac52c57d265a3c461074cb4dc"
